{
  "requires": true,
  "lockfileVersion": 1,
  "dependencies": {
    "@types/chrome": {
      "version": "0.0.158",
      "resolved": "https://registry.npmmirror.com/@types/chrome/download/@types/chrome-0.0.158.tgz",
      "integrity": "sha1-Ag7e7jHtnezxJ/6hlypj/wj88sY=",
      "requires": {
        "@types/filesystem": "*",
        "@types/har-format": "*"
      }
    },
    "@types/filesystem": {
      "version": "0.0.32",
      "resolved": "https://registry.nlark.com/@types/filesystem/download/@types/filesystem-0.0.32.tgz?cache=0&sync_timestamp=1629708387467&other_urls=https%3A%2F%2Fregistry.nlark.com%2F%40types%2Ffilesystem%2Fdownload%2F%40types%2Ffilesystem-0.0.32.tgz",
      "integrity": "sha1-MH33zAhKIpPDwaMRUbF4Bj4Kjt8=",
      "requires": {
        "@types/filewriter": "*"
      }
    },
    "@types/filewriter": {
      "version": "0.0.29",
      "resolved": "https://registry.nlark.com/@types/filewriter/download/@types/filewriter-0.0.29.tgz?cache=0&sync_timestamp=1629708387732&other_urls=https%3A%2F%2Fregistry.nlark.com%2F%40types%2Ffilewriter%2Fdownload%2F%40types%2Ffilewriter-0.0.29.tgz",
      "integrity": "sha1-pIeV7K35V/bA0Q4MNK+GwJj6W+4="
    },
    "@types/har-format": {
      "version": "1.2.7",
      "resolved": "https://registry.nlark.com/@types/har-format/download/@types/har-format-1.2.7.tgz?cache=0&sync_timestamp=1629708419851&other_urls=https%3A%2F%2Fregistry.nlark.com%2F%40types%2Fhar-format%2Fdownload%2F%40types%2Fhar-format-1.2.7.tgz",
      "integrity": "sha1-3r/jY3jybE/Cq8od+Z8AqP+U/Sk="
    }
  }
}
